// !$*UTF8*$!
{
	archiveVersion = 1;
	classes = {
	};
	objectVersion = 48;
	objects = {

/* Begin PBXBuildFile section */
		1E494E8B206886530020D9C9 /* AppDelegate.swift in Sources */ = {isa = PBXBuildFile; fileRef = 1E494E8A206886530020D9C9 /* AppDelegate.swift */; };
		1E494E8D206886530020D9C9 /* ViewController.swift in Sources */ = {isa = PBXBuildFile; fileRef = 1E494E8C206886530020D9C9 /* ViewController.swift */; };
		1E494E90206886530020D9C9 /* Main.storyboard in Resources */ = {isa = PBXBuildFile; fileRef = 1E494E8E206886530020D9C9 /* Main.storyboard */; };
		1E494E92206886530020D9C9 /* Assets.xcassets in Resources */ = {isa = PBXBuildFile; fileRef = 1E494E91206886530020D9C9 /* Assets.xcassets */; };
		1E494E95206886530020D9C9 /* LaunchScreen.storyboard in Resources */ = {isa = PBXBuildFile; fileRef = 1E494E93206886530020D9C9 /* LaunchScreen.storyboard */; };
		1E494EA0206886530020D9C9 /* Spike_RxSwift_MVVMTests.swift in Sources */ = {isa = PBXBuildFile; fileRef = 1E494E9F206886530020D9C9 /* Spike_RxSwift_MVVMTests.swift */; };
		1E494EAB206886530020D9C9 /* Spike_RxSwift_MVVMUITests.swift in Sources */ = {isa = PBXBuildFile; fileRef = 1E494EAA206886530020D9C9 /* Spike_RxSwift_MVVMUITests.swift */; };
		1E494EBB2068E66F0020D9C9 /* Realm.framework in Frameworks */ = {isa = PBXBuildFile; fileRef = 1E494EB92068E66F0020D9C9 /* Realm.framework */; };
		1E494EBC2068E66F0020D9C9 /* RealmSwift.framework in Frameworks */ = {isa = PBXBuildFile; fileRef = 1E494EBA2068E66F0020D9C9 /* RealmSwift.framework */; };
		1E494EC72068E6E10020D9C9 /* Instructions.framework in Frameworks */ = {isa = PBXBuildFile; fileRef = 1E494EBE2068E6E10020D9C9 /* Instructions.framework */; };
		1E494EC82068E6E10020D9C9 /* OneSignal.framework in Frameworks */ = {isa = PBXBuildFile; fileRef = 1E494EBF2068E6E10020D9C9 /* OneSignal.framework */; };
		1E494EC92068E6E10020D9C9 /* Nuke.framework in Frameworks */ = {isa = PBXBuildFile; fileRef = 1E494EC02068E6E10020D9C9 /* Nuke.framework */; };
		1E494ECA2068E6E10020D9C9 /* RxNuke.framework in Frameworks */ = {isa = PBXBuildFile; fileRef = 1E494EC12068E6E10020D9C9 /* RxNuke.framework */; };
		1E494ECB2068E6E10020D9C9 /* SwiftDate.framework in Frameworks */ = {isa = PBXBuildFile; fileRef = 1E494EC22068E6E10020D9C9 /* SwiftDate.framework */; };
		1E494ECC2068E6E10020D9C9 /* RxBlocking.framework in Frameworks */ = {isa = PBXBuildFile; fileRef = 1E494EC32068E6E10020D9C9 /* RxBlocking.framework */; };
		1E494ECD2068E6E10020D9C9 /* RxCocoa.framework in Frameworks */ = {isa = PBXBuildFile; fileRef = 1E494EC42068E6E10020D9C9 /* RxCocoa.framework */; };
		1E494ECE2068E6E10020D9C9 /* RxSwift.framework in Frameworks */ = {isa = PBXBuildFile; fileRef = 1E494EC52068E6E10020D9C9 /* RxSwift.framework */; };
		7AFEFB043CF63A6580F3E0C6 /* Pods_Spike_RxSwift_MVVM.framework in Frameworks */ = {isa = PBXBuildFile; fileRef = D815FADF05CD155614895528 /* Pods_Spike_RxSwift_MVVM.framework */; };
		89651B5B3753926EC804E303 /* Pods_Spike_RxSwift_MVVMUITests.framework in Frameworks */ = {isa = PBXBuildFile; fileRef = E4EB3F24EF5E232F416D5B72 /* Pods_Spike_RxSwift_MVVMUITests.framework */; };
		D6A3CF54E6F90CE0ADC564F1 /* Pods_Spike_RxSwift_MVVMTests.framework in Frameworks */ = {isa = PBXBuildFile; fileRef = 37EF4FE5774F776A5349B4BC /* Pods_Spike_RxSwift_MVVMTests.framework */; };
/* End PBXBuildFile section */

/* Begin PBXContainerItemProxy section */
		1E494E9C206886530020D9C9 /* PBXContainerItemProxy */ = {
			isa = PBXContainerItemProxy;
			containerPortal = 1E494E7F206886530020D9C9 /* Project object */;
			proxyType = 1;
			remoteGlobalIDString = 1E494E86206886530020D9C9;
			remoteInfo = "Spike-RxSwift-MVVM";
		};
		1E494EA7206886530020D9C9 /* PBXContainerItemProxy */ = {
			isa = PBXContainerItemProxy;
			containerPortal = 1E494E7F206886530020D9C9 /* Project object */;
			proxyType = 1;
			remoteGlobalIDString = 1E494E86206886530020D9C9;
			remoteInfo = "Spike-RxSwift-MVVM";
		};
/* End PBXContainerItemProxy section */

/* Begin PBXFileReference section */
		0A31C9290BF90A48BF88A16E /* Pods-Spike-RxSwift-MVVMTests.release.xcconfig */ = {isa = PBXFileReference; includeInIndex = 1; lastKnownFileType = text.xcconfig; name = "Pods-Spike-RxSwift-MVVMTests.release.xcconfig"; path = "Pods/Target Support Files/Pods-Spike-RxSwift-MVVMTests/Pods-Spike-RxSwift-MVVMTests.release.xcconfig"; sourceTree = "<group>"; };
		1E494E87206886530020D9C9 /* Spike-RxSwift-MVVM.app */ = {isa = PBXFileReference; explicitFileType = wrapper.application; includeInIndex = 0; path = "Spike-RxSwift-MVVM.app"; sourceTree = BUILT_PRODUCTS_DIR; };
		1E494E8A206886530020D9C9 /* AppDelegate.swift */ = {isa = PBXFileReference; lastKnownFileType = sourcecode.swift; path = AppDelegate.swift; sourceTree = "<group>"; };
		1E494E8C206886530020D9C9 /* ViewController.swift */ = {isa = PBXFileReference; lastKnownFileType = sourcecode.swift; path = ViewController.swift; sourceTree = "<group>"; };
		1E494E8F206886530020D9C9 /* Base */ = {isa = PBXFileReference; lastKnownFileType = file.storyboard; name = Base; path = Base.lproj/Main.storyboard; sourceTree = "<group>"; };
		1E494E91206886530020D9C9 /* Assets.xcassets */ = {isa = PBXFileReference; lastKnownFileType = folder.assetcatalog; path = Assets.xcassets; sourceTree = "<group>"; };
		1E494E94206886530020D9C9 /* Base */ = {isa = PBXFileReference; lastKnownFileType = file.storyboard; name = Base; path = Base.lproj/LaunchScreen.storyboard; sourceTree = "<group>"; };
		1E494E96206886530020D9C9 /* Info.plist */ = {isa = PBXFileReference; lastKnownFileType = text.plist.xml; path = Info.plist; sourceTree = "<group>"; };
		1E494E9B206886530020D9C9 /* Spike-RxSwift-MVVMTests.xctest */ = {isa = PBXFileReference; explicitFileType = wrapper.cfbundle; includeInIndex = 0; path = "Spike-RxSwift-MVVMTests.xctest"; sourceTree = BUILT_PRODUCTS_DIR; };
		1E494E9F206886530020D9C9 /* Spike_RxSwift_MVVMTests.swift */ = {isa = PBXFileReference; lastKnownFileType = sourcecode.swift; path = Spike_RxSwift_MVVMTests.swift; sourceTree = "<group>"; };
		1E494EA1206886530020D9C9 /* Info.plist */ = {isa = PBXFileReference; lastKnownFileType = text.plist.xml; path = Info.plist; sourceTree = "<group>"; };
		1E494EA6206886530020D9C9 /* Spike-RxSwift-MVVMUITests.xctest */ = {isa = PBXFileReference; explicitFileType = wrapper.cfbundle; includeInIndex = 0; path = "Spike-RxSwift-MVVMUITests.xctest"; sourceTree = BUILT_PRODUCTS_DIR; };
		1E494EAA206886530020D9C9 /* Spike_RxSwift_MVVMUITests.swift */ = {isa = PBXFileReference; lastKnownFileType = sourcecode.swift; path = Spike_RxSwift_MVVMUITests.swift; sourceTree = "<group>"; };
		1E494EAC206886530020D9C9 /* Info.plist */ = {isa = PBXFileReference; lastKnownFileType = text.plist.xml; path = Info.plist; sourceTree = "<group>"; };
		1E494EB92068E66F0020D9C9 /* Realm.framework */ = {isa = PBXFileReference; lastKnownFileType = wrapper.framework; name = Realm.framework; path = Carthage/Build/iOS/Realm.framework; sourceTree = "<group>"; };
		1E494EBA2068E66F0020D9C9 /* RealmSwift.framework */ = {isa = PBXFileReference; lastKnownFileType = wrapper.framework; name = RealmSwift.framework; path = Carthage/Build/iOS/RealmSwift.framework; sourceTree = "<group>"; };
		1E494EBD2068E6E10020D9C9 /* InstructionsAppExtensions.framework */ = {isa = PBXFileReference; lastKnownFileType = wrapper.framework; name = InstructionsAppExtensions.framework; path = Carthage/Build/iOS/InstructionsAppExtensions.framework; sourceTree = "<group>"; };
		1E494EBE2068E6E10020D9C9 /* Instructions.framework */ = {isa = PBXFileReference; lastKnownFileType = wrapper.framework; name = Instructions.framework; path = Carthage/Build/iOS/Instructions.framework; sourceTree = "<group>"; };
		1E494EBF2068E6E10020D9C9 /* OneSignal.framework */ = {isa = PBXFileReference; lastKnownFileType = wrapper.framework; name = OneSignal.framework; path = Carthage/Build/iOS/OneSignal.framework; sourceTree = "<group>"; };
		1E494EC02068E6E10020D9C9 /* Nuke.framework */ = {isa = PBXFileReference; lastKnownFileType = wrapper.framework; name = Nuke.framework; path = Carthage/Build/iOS/Nuke.framework; sourceTree = "<group>"; };
		1E494EC12068E6E10020D9C9 /* RxNuke.framework */ = {isa = PBXFileReference; lastKnownFileType = wrapper.framework; name = RxNuke.framework; path = Carthage/Build/iOS/RxNuke.framework; sourceTree = "<group>"; };
		1E494EC22068E6E10020D9C9 /* SwiftDate.framework */ = {isa = PBXFileReference; lastKnownFileType = wrapper.framework; name = SwiftDate.framework; path = Carthage/Build/iOS/SwiftDate.framework; sourceTree = "<group>"; };
		1E494EC32068E6E10020D9C9 /* RxBlocking.framework */ = {isa = PBXFileReference; lastKnownFileType = wrapper.framework; name = RxBlocking.framework; path = Carthage/Build/iOS/RxBlocking.framework; sourceTree = "<group>"; };
		1E494EC42068E6E10020D9C9 /* RxCocoa.framework */ = {isa = PBXFileReference; lastKnownFileType = wrapper.framework; name = RxCocoa.framework; path = Carthage/Build/iOS/RxCocoa.framework; sourceTree = "<group>"; };
		1E494EC52068E6E10020D9C9 /* RxSwift.framework */ = {isa = PBXFileReference; lastKnownFileType = wrapper.framework; name = RxSwift.framework; path = Carthage/Build/iOS/RxSwift.framework; sourceTree = "<group>"; };
		37EF4FE5774F776A5349B4BC /* Pods_Spike_RxSwift_MVVMTests.framework */ = {isa = PBXFileReference; explicitFileType = wrapper.framework; includeInIndex = 0; path = Pods_Spike_RxSwift_MVVMTests.framework; sourceTree = BUILT_PRODUCTS_DIR; };
		7AB1507D4612A4E9A895323C /* Pods-Spike-RxSwift-MVVMUITests.debug.xcconfig */ = {isa = PBXFileReference; includeInIndex = 1; lastKnownFileType = text.xcconfig; name = "Pods-Spike-RxSwift-MVVMUITests.debug.xcconfig"; path = "Pods/Target Support Files/Pods-Spike-RxSwift-MVVMUITests/Pods-Spike-RxSwift-MVVMUITests.debug.xcconfig"; sourceTree = "<group>"; };
		8DB766FBCCA430D54DBAFFC8 /* Pods-Spike-RxSwift-MVVM.debug.xcconfig */ = {isa = PBXFileReference; includeInIndex = 1; lastKnownFileType = text.xcconfig; name = "Pods-Spike-RxSwift-MVVM.debug.xcconfig"; path = "Pods/Target Support Files/Pods-Spike-RxSwift-MVVM/Pods-Spike-RxSwift-MVVM.debug.xcconfig"; sourceTree = "<group>"; };
		9518E569D142388E74B2E2FD /* Pods-Spike-RxSwift-MVVM.release.xcconfig */ = {isa = PBXFileReference; includeInIndex = 1; lastKnownFileType = text.xcconfig; name = "Pods-Spike-RxSwift-MVVM.release.xcconfig"; path = "Pods/Target Support Files/Pods-Spike-RxSwift-MVVM/Pods-Spike-RxSwift-MVVM.release.xcconfig"; sourceTree = "<group>"; };
		95904096D84149BFBE78F174 /* Pods-Spike-RxSwift-MVVMUITests.release.xcconfig */ = {isa = PBXFileReference; includeInIndex = 1; lastKnownFileType = text.xcconfig; name = "Pods-Spike-RxSwift-MVVMUITests.release.xcconfig"; path = "Pods/Target Support Files/Pods-Spike-RxSwift-MVVMUITests/Pods-Spike-RxSwift-MVVMUITests.release.xcconfig"; sourceTree = "<group>"; };
		B7174B1090DA860F3226D7CB /* Pods-Spike-RxSwift-MVVMTests.debug.xcconfig */ = {isa = PBXFileReference; includeInIndex = 1; lastKnownFileType = text.xcconfig; name = "Pods-Spike-RxSwift-MVVMTests.debug.xcconfig"; path = "Pods/Target Support Files/Pods-Spike-RxSwift-MVVMTests/Pods-Spike-RxSwift-MVVMTests.debug.xcconfig"; sourceTree = "<group>"; };
		D815FADF05CD155614895528 /* Pods_Spike_RxSwift_MVVM.framework */ = {isa = PBXFileReference; explicitFileType = wrapper.framework; includeInIndex = 0; path = Pods_Spike_RxSwift_MVVM.framework; sourceTree = BUILT_PRODUCTS_DIR; };
		E4EB3F24EF5E232F416D5B72 /* Pods_Spike_RxSwift_MVVMUITests.framework */ = {isa = PBXFileReference; explicitFileType = wrapper.framework; includeInIndex = 0; path = Pods_Spike_RxSwift_MVVMUITests.framework; sourceTree = BUILT_PRODUCTS_DIR; };
/* End PBXFileReference section */

/* Begin PBXFrameworksBuildPhase section */
		1E494E84206886530020D9C9 /* Frameworks */ = {
			isa = PBXFrameworksBuildPhase;
			buildActionMask = 2147483647;
			files = (
				1E494EC72068E6E10020D9C9 /* Instructions.framework in Frameworks */,
				1E494EC82068E6E10020D9C9 /* OneSignal.framework in Frameworks */,
				1E494EC92068E6E10020D9C9 /* Nuke.framework in Frameworks */,
				1E494ECA2068E6E10020D9C9 /* RxNuke.framework in Frameworks */,
				1E494ECB2068E6E10020D9C9 /* SwiftDate.framework in Frameworks */,
				1E494ECC2068E6E10020D9C9 /* RxBlocking.framework in Frameworks */,
				1E494ECD2068E6E10020D9C9 /* RxCocoa.framework in Frameworks */,
				1E494ECE2068E6E10020D9C9 /* RxSwift.framework in Frameworks */,
				1E494EBB2068E66F0020D9C9 /* Realm.framework in Frameworks */,
				1E494EBC2068E66F0020D9C9 /* RealmSwift.framework in Frameworks */,
				7AFEFB043CF63A6580F3E0C6 /* Pods_Spike_RxSwift_MVVM.framework in Frameworks */,
			);
			runOnlyForDeploymentPostprocessing = 0;
		};
		1E494E98206886530020D9C9 /* Frameworks */ = {
			isa = PBXFrameworksBuildPhase;
			buildActionMask = 2147483647;
			files = (
				D6A3CF54E6F90CE0ADC564F1 /* Pods_Spike_RxSwift_MVVMTests.framework in Frameworks */,
			);
			runOnlyForDeploymentPostprocessing = 0;
		};
		1E494EA3206886530020D9C9 /* Frameworks */ = {
			isa = PBXFrameworksBuildPhase;
			buildActionMask = 2147483647;
			files = (
				89651B5B3753926EC804E303 /* Pods_Spike_RxSwift_MVVMUITests.framework in Frameworks */,
			);
			runOnlyForDeploymentPostprocessing = 0;
		};
/* End PBXFrameworksBuildPhase section */

/* Begin PBXGroup section */
		1E494E7E206886530020D9C9 = {
			isa = PBXGroup;
			children = (
				1E494E89206886530020D9C9 /* Spike-RxSwift-MVVM */,
				1E494E9E206886530020D9C9 /* Spike-RxSwift-MVVMTests */,
				1E494EA9206886530020D9C9 /* Spike-RxSwift-MVVMUITests */,
				1E494E88206886530020D9C9 /* Products */,
				25B4DE73A3A7DA1C5D338FB3 /* Pods */,
				E2B8765F2A2D3210CA8583B3 /* Frameworks */,
			);
			sourceTree = "<group>";
		};
		1E494E88206886530020D9C9 /* Products */ = {
			isa = PBXGroup;
			children = (
				1E494E87206886530020D9C9 /* Spike-RxSwift-MVVM.app */,
				1E494E9B206886530020D9C9 /* Spike-RxSwift-MVVMTests.xctest */,
				1E494EA6206886530020D9C9 /* Spike-RxSwift-MVVMUITests.xctest */,
			);
			name = Products;
			sourceTree = "<group>";
		};
		1E494E89206886530020D9C9 /* Spike-RxSwift-MVVM */ = {
			isa = PBXGroup;
			children = (
				1E494E8A206886530020D9C9 /* AppDelegate.swift */,
				1E494E8C206886530020D9C9 /* ViewController.swift */,
				1E494E8E206886530020D9C9 /* Main.storyboard */,
				1E494E91206886530020D9C9 /* Assets.xcassets */,
				1E494E93206886530020D9C9 /* LaunchScreen.storyboard */,
				1E494E96206886530020D9C9 /* Info.plist */,
			);
			path = "Spike-RxSwift-MVVM";
			sourceTree = "<group>";
		};
		1E494E9E206886530020D9C9 /* Spike-RxSwift-MVVMTests */ = {
			isa = PBXGroup;
			children = (
				1E494E9F206886530020D9C9 /* Spike_RxSwift_MVVMTests.swift */,
				1E494EA1206886530020D9C9 /* Info.plist */,
			);
			path = "Spike-RxSwift-MVVMTests";
			sourceTree = "<group>";
		};
		1E494EA9206886530020D9C9 /* Spike-RxSwift-MVVMUITests */ = {
			isa = PBXGroup;
			children = (
				1E494EAA206886530020D9C9 /* Spike_RxSwift_MVVMUITests.swift */,
				1E494EAC206886530020D9C9 /* Info.plist */,
			);
			path = "Spike-RxSwift-MVVMUITests";
			sourceTree = "<group>";
		};
		25B4DE73A3A7DA1C5D338FB3 /* Pods */ = {
			isa = PBXGroup;
			children = (
				8DB766FBCCA430D54DBAFFC8 /* Pods-Spike-RxSwift-MVVM.debug.xcconfig */,
				9518E569D142388E74B2E2FD /* Pods-Spike-RxSwift-MVVM.release.xcconfig */,
				B7174B1090DA860F3226D7CB /* Pods-Spike-RxSwift-MVVMTests.debug.xcconfig */,
				0A31C9290BF90A48BF88A16E /* Pods-Spike-RxSwift-MVVMTests.release.xcconfig */,
				7AB1507D4612A4E9A895323C /* Pods-Spike-RxSwift-MVVMUITests.debug.xcconfig */,
				95904096D84149BFBE78F174 /* Pods-Spike-RxSwift-MVVMUITests.release.xcconfig */,
			);
			name = Pods;
			sourceTree = "<group>";
		};
		E2B8765F2A2D3210CA8583B3 /* Frameworks */ = {
			isa = PBXGroup;
			children = (
				1E494EBE2068E6E10020D9C9 /* Instructions.framework */,
				1E494EBD2068E6E10020D9C9 /* InstructionsAppExtensions.framework */,
				1E494EC02068E6E10020D9C9 /* Nuke.framework */,
				1E494EBF2068E6E10020D9C9 /* OneSignal.framework */,
				1E494EC32068E6E10020D9C9 /* RxBlocking.framework */,
				1E494EC42068E6E10020D9C9 /* RxCocoa.framework */,
				1E494EC12068E6E10020D9C9 /* RxNuke.framework */,
				1E494EC52068E6E10020D9C9 /* RxSwift.framework */,
				1E494EC22068E6E10020D9C9 /* SwiftDate.framework */,
				1E494EB92068E66F0020D9C9 /* Realm.framework */,
				1E494EBA2068E66F0020D9C9 /* RealmSwift.framework */,
				D815FADF05CD155614895528 /* Pods_Spike_RxSwift_MVVM.framework */,
				37EF4FE5774F776A5349B4BC /* Pods_Spike_RxSwift_MVVMTests.framework */,
				E4EB3F24EF5E232F416D5B72 /* Pods_Spike_RxSwift_MVVMUITests.framework */,
			);
			name = Frameworks;
			sourceTree = "<group>";
		};
/* End PBXGroup section */

/* Begin PBXNativeTarget section */
		1E494E86206886530020D9C9 /* Spike-RxSwift-MVVM */ = {
			isa = PBXNativeTarget;
			buildConfigurationList = 1E494EAF206886530020D9C9 /* Build configuration list for PBXNativeTarget "Spike-RxSwift-MVVM" */;
			buildPhases = (
				4D867839F4D4BD78D1D8CA13 /* [CP] Check Pods Manifest.lock */,
				1E494E83206886530020D9C9 /* Sources */,
				1E494E84206886530020D9C9 /* Frameworks */,
				1E494E85206886530020D9C9 /* Resources */,
				219C8515143EAD918A4A9F31 /* [CP] Embed Pods Frameworks */,
				794E90DB3649FA6347E0249E /* [CP] Copy Pods Resources */,
				1E494EB82068A0D20020D9C9 /* Run Script(Cocoapods) */,
				1E494ECF2068E7140020D9C9 /* Run Script(Carthege) */,
			);
			buildRules = (
			);
			dependencies = (
			);
			name = "Spike-RxSwift-MVVM";
			productName = "Spike-RxSwift-MVVM";
			productReference = 1E494E87206886530020D9C9 /* Spike-RxSwift-MVVM.app */;
			productType = "com.apple.product-type.application";
		};
		1E494E9A206886530020D9C9 /* Spike-RxSwift-MVVMTests */ = {
			isa = PBXNativeTarget;
			buildConfigurationList = 1E494EB2206886530020D9C9 /* Build configuration list for PBXNativeTarget "Spike-RxSwift-MVVMTests" */;
			buildPhases = (
				DB295CA365B54ABA26B1118D /* [CP] Check Pods Manifest.lock */,
				1E494E97206886530020D9C9 /* Sources */,
				1E494E98206886530020D9C9 /* Frameworks */,
				1E494E99206886530020D9C9 /* Resources */,
				BBB39FD16D6DD4129E65A745 /* [CP] Embed Pods Frameworks */,
				5E2DC73165E41B0324F6589F /* [CP] Copy Pods Resources */,
			);
			buildRules = (
			);
			dependencies = (
				1E494E9D206886530020D9C9 /* PBXTargetDependency */,
			);
			name = "Spike-RxSwift-MVVMTests";
			productName = "Spike-RxSwift-MVVMTests";
			productReference = 1E494E9B206886530020D9C9 /* Spike-RxSwift-MVVMTests.xctest */;
			productType = "com.apple.product-type.bundle.unit-test";
		};
		1E494EA5206886530020D9C9 /* Spike-RxSwift-MVVMUITests */ = {
			isa = PBXNativeTarget;
			buildConfigurationList = 1E494EB5206886530020D9C9 /* Build configuration list for PBXNativeTarget "Spike-RxSwift-MVVMUITests" */;
			buildPhases = (
				8020D2729768C1F02130D6B2 /* [CP] Check Pods Manifest.lock */,
				1E494EA2206886530020D9C9 /* Sources */,
				1E494EA3206886530020D9C9 /* Frameworks */,
				1E494EA4206886530020D9C9 /* Resources */,
				45275A09758EDB5CA58B23CA /* [CP] Embed Pods Frameworks */,
				7E22C2D40288CFB426B98C96 /* [CP] Copy Pods Resources */,
			);
			buildRules = (
			);
			dependencies = (
				1E494EA8206886530020D9C9 /* PBXTargetDependency */,
			);
			name = "Spike-RxSwift-MVVMUITests";
			productName = "Spike-RxSwift-MVVMUITests";
			productReference = 1E494EA6206886530020D9C9 /* Spike-RxSwift-MVVMUITests.xctest */;
			productType = "com.apple.product-type.bundle.ui-testing";
		};
/* End PBXNativeTarget section */

/* Begin PBXProject section */
		1E494E7F206886530020D9C9 /* Project object */ = {
			isa = PBXProject;
			attributes = {
				LastSwiftUpdateCheck = 0920;
				LastUpgradeCheck = 0920;
				ORGANIZATIONNAME = ko2ic;
				TargetAttributes = {
					1E494E86206886530020D9C9 = {
						CreatedOnToolsVersion = 9.2;
						ProvisioningStyle = Automatic;
					};
					1E494E9A206886530020D9C9 = {
						CreatedOnToolsVersion = 9.2;
						ProvisioningStyle = Automatic;
						TestTargetID = 1E494E86206886530020D9C9;
					};
					1E494EA5206886530020D9C9 = {
						CreatedOnToolsVersion = 9.2;
						ProvisioningStyle = Automatic;
						TestTargetID = 1E494E86206886530020D9C9;
					};
				};
			};
			buildConfigurationList = 1E494E82206886530020D9C9 /* Build configuration list for PBXProject "Spike-RxSwift-MVVM" */;
			compatibilityVersion = "Xcode 8.0";
			developmentRegion = en;
			hasScannedForEncodings = 0;
			knownRegions = (
				en,
				Base,
			);
			mainGroup = 1E494E7E206886530020D9C9;
			productRefGroup = 1E494E88206886530020D9C9 /* Products */;
			projectDirPath = "";
			projectRoot = "";
			targets = (
				1E494E86206886530020D9C9 /* Spike-RxSwift-MVVM */,
				1E494E9A206886530020D9C9 /* Spike-RxSwift-MVVMTests */,
				1E494EA5206886530020D9C9 /* Spike-RxSwift-MVVMUITests */,
			);
		};
/* End PBXProject section */

/* Begin PBXResourcesBuildPhase section */
		1E494E85206886530020D9C9 /* Resources */ = {
			isa = PBXResourcesBuildPhase;
			buildActionMask = 2147483647;
			files = (
				1E494E95206886530020D9C9 /* LaunchScreen.storyboard in Resources */,
				1E494E92206886530020D9C9 /* Assets.xcassets in Resources */,
				1E494E90206886530020D9C9 /* Main.storyboard in Resources */,
			);
			runOnlyForDeploymentPostprocessing = 0;
		};
		1E494E99206886530020D9C9 /* Resources */ = {
			isa = PBXResourcesBuildPhase;
			buildActionMask = 2147483647;
			files = (
			);
			runOnlyForDeploymentPostprocessing = 0;
		};
		1E494EA4206886530020D9C9 /* Resources */ = {
			isa = PBXResourcesBuildPhase;
			buildActionMask = 2147483647;
			files = (
			);
			runOnlyForDeploymentPostprocessing = 0;
		};
/* End PBXResourcesBuildPhase section */

/* Begin PBXShellScriptBuildPhase section */
		1E494EB82068A0D20020D9C9 /* Run Script(Cocoapods) */ = {
			isa = PBXShellScriptBuildPhase;
			buildActionMask = 2147483647;
			files = (
			);
			inputPaths = (
			);
			name = "Run Script(Cocoapods)";
			outputPaths = (
			);
			runOnlyForDeploymentPostprocessing = 0;
			shellPath = /bin/sh;
			shellScript = "if which swiftlint >/dev/null; then\n\"${PODS_ROOT}/SwiftLint/swiftlint\"\nelse\necho \"warning: SwiftLint not installed, download from https://github.com/realm/SwiftLint\"\nfi";
		};
		1E494ECF2068E7140020D9C9 /* Run Script(Carthege) */ = {
			isa = PBXShellScriptBuildPhase;
			buildActionMask = 12;
			files = (
			);
			inputPaths = (
				"$(SRCROOT)/Carthage/Build/iOS/Instructions.framework",
				"$(SRCROOT)/Carthage/Build/iOS/Nuke.framework",
				"$(SRCROOT)/Carthage/Build/iOS/OneSignal.framework",
				"$(SRCROOT)/Carthage/Build/iOS/Realm.framework",
				"$(SRCROOT)/Carthage/Build/iOS/RealmSwift.framework",
				"$(SRCROOT)/Carthage/Build/iOS/RxBlocking.framework",
				"$(SRCROOT)/Carthage/Build/iOS/RxCocoa.framework",
				"$(SRCROOT)/Carthage/Build/iOS/RxNuke.framework",
				"$(SRCROOT)/Carthage/Build/iOS/RxSwift.framework",
				"$(SRCROOT)/Carthage/Build/iOS/SwiftDate.framework",
			);
			name = "Run Script(Carthege)";
			outputPaths = (
			);
			runOnlyForDeploymentPostprocessing = 0;
			shellPath = /bin/sh;
			shellScript = "/usr/local/bin/carthage copy-frameworks";
		};
		219C8515143EAD918A4A9F31 /* [CP] Embed Pods Frameworks */ = {
			isa = PBXShellScriptBuildPhase;
			buildActionMask = 2147483647;
			files = (
			);
			inputPaths = (
				"${SRCROOT}/Pods/Target Support Files/Pods-Spike-RxSwift-MVVM/Pods-Spike-RxSwift-MVVM-frameworks.sh",
				"${BUILT_PRODUCTS_DIR}/GoogleToolboxForMac/GoogleToolboxForMac.framework",
				"${BUILT_PRODUCTS_DIR}/RKNotificationHub/RKNotificationHub.framework",
			);
			name = "[CP] Embed Pods Frameworks";
			outputPaths = (
				"${TARGET_BUILD_DIR}/${FRAMEWORKS_FOLDER_PATH}/GoogleToolboxForMac.framework",
				"${TARGET_BUILD_DIR}/${FRAMEWORKS_FOLDER_PATH}/RKNotificationHub.framework",
			);
			runOnlyForDeploymentPostprocessing = 0;
			shellPath = /bin/sh;
			shellScript = "\"${SRCROOT}/Pods/Target Support Files/Pods-Spike-RxSwift-MVVM/Pods-Spike-RxSwift-MVVM-frameworks.sh\"\n";
			showEnvVarsInLog = 0;
		};
		45275A09758EDB5CA58B23CA /* [CP] Embed Pods Frameworks */ = {
			isa = PBXShellScriptBuildPhase;
			buildActionMask = 2147483647;
			files = (
			);
			inputPaths = (
			);
			name = "[CP] Embed Pods Frameworks";
			outputPaths = (
			);
			runOnlyForDeploymentPostprocessing = 0;
			shellPath = /bin/sh;
			shellScript = "\"${SRCROOT}/Pods/Target Support Files/Pods-Spike-RxSwift-MVVMUITests/Pods-Spike-RxSwift-MVVMUITests-frameworks.sh\"\n";
			showEnvVarsInLog = 0;
		};
		4D867839F4D4BD78D1D8CA13 /* [CP] Check Pods Manifest.lock */ = {
			isa = PBXShellScriptBuildPhase;
			buildActionMask = 2147483647;
			files = (
			);
			inputPaths = (
				"${PODS_PODFILE_DIR_PATH}/Podfile.lock",
				"${PODS_ROOT}/Manifest.lock",
			);
			name = "[CP] Check Pods Manifest.lock";
			outputPaths = (
				"$(DERIVED_FILE_DIR)/Pods-Spike-RxSwift-MVVM-checkManifestLockResult.txt",
			);
			runOnlyForDeploymentPostprocessing = 0;
			shellPath = /bin/sh;
			shellScript = "diff \"${PODS_PODFILE_DIR_PATH}/Podfile.lock\" \"${PODS_ROOT}/Manifest.lock\" > /dev/null\nif [ $? != 0 ] ; then\n    # print error to STDERR\n    echo \"error: The sandbox is not in sync with the Podfile.lock. Run 'pod install' or update your CocoaPods installation.\" >&2\n    exit 1\nfi\n# This output is used by Xcode 'outputs' to avoid re-running this script phase.\necho \"SUCCESS\" > \"${SCRIPT_OUTPUT_FILE_0}\"\n";
			showEnvVarsInLog = 0;
		};
		5E2DC73165E41B0324F6589F /* [CP] Copy Pods Resources */ = {
			isa = PBXShellScriptBuildPhase;
			buildActionMask = 2147483647;
			files = (
			);
			inputPaths = (
			);
			name = "[CP] Copy Pods Resources";
			outputPaths = (
			);
			runOnlyForDeploymentPostprocessing = 0;
			shellPath = /bin/sh;
			shellScript = "\"${SRCROOT}/Pods/Target Support Files/Pods-Spike-RxSwift-MVVMTests/Pods-Spike-RxSwift-MVVMTests-resources.sh\"\n";
			showEnvVarsInLog = 0;
		};
		794E90DB3649FA6347E0249E /* [CP] Copy Pods Resources */ = {
			isa = PBXShellScriptBuildPhase;
			buildActionMask = 2147483647;
			files = (
			);
			inputPaths = (
			);
			name = "[CP] Copy Pods Resources";
			outputPaths = (
			);
			runOnlyForDeploymentPostprocessing = 0;
			shellPath = /bin/sh;
			shellScript = "\"${SRCROOT}/Pods/Target Support Files/Pods-Spike-RxSwift-MVVM/Pods-Spike-RxSwift-MVVM-resources.sh\"\n";
			showEnvVarsInLog = 0;
		};
		7E22C2D40288CFB426B98C96 /* [CP] Copy Pods Resources */ = {
			isa = PBXShellScriptBuildPhase;
			buildActionMask = 2147483647;
			files = (
			);
			inputPaths = (
			);
			name = "[CP] Copy Pods Resources";
			outputPaths = (
			);
			runOnlyForDeploymentPostprocessing = 0;
			shellPath = /bin/sh;
			shellScript = "\"${SRCROOT}/Pods/Target Support Files/Pods-Spike-RxSwift-MVVMUITests/Pods-Spike-RxSwift-MVVMUITests-resources.sh\"\n";
			showEnvVarsInLog = 0;
		};
		8020D2729768C1F02130D6B2 /* [CP] Check Pods Manifest.lock */ = {
			isa = PBXShellScriptBuildPhase;
			buildActionMask = 2147483647;
			files = (
			);
			inputPaths = (
				"${PODS_PODFILE_DIR_PATH}/Podfile.lock",
				"${PODS_ROOT}/Manifest.lock",
			);
			name = "[CP] Check Pods Manifest.lock";
			outputPaths = (
				"$(DERIVED_FILE_DIR)/Pods-Spike-RxSwift-MVVMUITests-checkManifestLockResult.txt",
			);
			runOnlyForDeploymentPostprocessing = 0;
			shellPath = /bin/sh;
			shellScript = "diff \"${PODS_PODFILE_DIR_PATH}/Podfile.lock\" \"${PODS_ROOT}/Manifest.lock\" > /dev/null\nif [ $? != 0 ] ; then\n    # print error to STDERR\n    echo \"error: The sandbox is not in sync with the Podfile.lock. Run 'pod install' or update your CocoaPods installation.\" >&2\n    exit 1\nfi\n# This output is used by Xcode 'outputs' to avoid re-running this script phase.\necho \"SUCCESS\" > \"${SCRIPT_OUTPUT_FILE_0}\"\n";
			showEnvVarsInLog = 0;
		};
		BBB39FD16D6DD4129E65A745 /* [CP] Embed Pods Frameworks */ = {
			isa = PBXShellScriptBuildPhase;
			buildActionMask = 2147483647;
			files = (
			);
			inputPaths = (
			);
			name = "[CP] Embed Pods Frameworks";
			outputPaths = (
			);
			runOnlyForDeploymentPostprocessing = 0;
			shellPath = /bin/sh;
			shellScript = "\"${SRCROOT}/Pods/Target Support Files/Pods-Spike-RxSwift-MVVMTests/Pods-Spike-RxSwift-MVVMTests-frameworks.sh\"\n";
			showEnvVarsInLog = 0;
		};
		DB295CA365B54ABA26B1118D /* [CP] Check Pods Manifest.lock */ = {
			isa = PBXShellScriptBuildPhase;
			buildActionMask = 2147483647;
			files = (
			);
			inputPaths = (
				"${PODS_PODFILE_DIR_PATH}/Podfile.lock",
				"${PODS_ROOT}/Manifest.lock",
			);
			name = "[CP] Check Pods Manifest.lock";
			outputPaths = (
				"$(DERIVED_FILE_DIR)/Pods-Spike-RxSwift-MVVMTests-checkManifestLockResult.txt",
			);
			runOnlyForDeploymentPostprocessing = 0;
			shellPath = /bin/sh;
			shellScript = "diff \"${PODS_PODFILE_DIR_PATH}/Podfile.lock\" \"${PODS_ROOT}/Manifest.lock\" > /dev/null\nif [ $? != 0 ] ; then\n    # print error to STDERR\n    echo \"error: The sandbox is not in sync with the Podfile.lock. Run 'pod install' or update your CocoaPods installation.\" >&2\n    exit 1\nfi\n# This output is used by Xcode 'outputs' to avoid re-running this script phase.\necho \"SUCCESS\" > \"${SCRIPT_OUTPUT_FILE_0}\"\n";
			showEnvVarsInLog = 0;
		};
/* End PBXShellScriptBuildPhase section */

/* Begin PBXSourcesBuildPhase section */
		1E494E83206886530020D9C9 /* Sources */ = {
			isa = PBXSourcesBuildPhase;
			buildActionMask = 2147483647;
			files = (
				1E494E8D206886530020D9C9 /* ViewController.swift in Sources */,
				1E494E8B206886530020D9C9 /* AppDelegate.swift in Sources */,
			);
			runOnlyForDeploymentPostprocessing = 0;
		};
		1E494E97206886530020D9C9 /* Sources */ = {
			isa = PBXSourcesBuildPhase;
			buildActionMask = 2147483647;
			files = (
				1E494EA0206886530020D9C9 /* Spike_RxSwift_MVVMTests.swift in Sources */,
			);
			runOnlyForDeploymentPostprocessing = 0;
		};
		1E494EA2206886530020D9C9 /* Sources */ = {
			isa = PBXSourcesBuildPhase;
			buildActionMask = 2147483647;
			files = (
				1E494EAB206886530020D9C9 /* Spike_RxSwift_MVVMUITests.swift in Sources */,
			);
			runOnlyForDeploymentPostprocessing = 0;
		};
/* End PBXSourcesBuildPhase section */

/* Begin PBXTargetDependency section */
		1E494E9D206886530020D9C9 /* PBXTargetDependency */ = {
			isa = PBXTargetDependency;
			target = 1E494E86206886530020D9C9 /* Spike-RxSwift-MVVM */;
			targetProxy = 1E494E9C206886530020D9C9 /* PBXContainerItemProxy */;
		};
		1E494EA8206886530020D9C9 /* PBXTargetDependency */ = {
			isa = PBXTargetDependency;
			target = 1E494E86206886530020D9C9 /* Spike-RxSwift-MVVM */;
			targetProxy = 1E494EA7206886530020D9C9 /* PBXContainerItemProxy */;
		};
/* End PBXTargetDependency section */

/* Begin PBXVariantGroup section */
		1E494E8E206886530020D9C9 /* Main.storyboard */ = {
			isa = PBXVariantGroup;
			children = (
				1E494E8F206886530020D9C9 /* Base */,
			);
			name = Main.storyboard;
			sourceTree = "<group>";
		};
		1E494E93206886530020D9C9 /* LaunchScreen.storyboard */ = {
			isa = PBXVariantGroup;
			children = (
				1E494E94206886530020D9C9 /* Base */,
			);
			name = LaunchScreen.storyboard;
			sourceTree = "<group>";
		};
/* End PBXVariantGroup section */

/* Begin XCBuildConfiguration section */
		1E494EAD206886530020D9C9 /* Debug */ = {
			isa = XCBuildConfiguration;
			buildSettings = {
				ALWAYS_SEARCH_USER_PATHS = NO;
				CLANG_ANALYZER_NONNULL = YES;
				CLANG_ANALYZER_NUMBER_OBJECT_CONVERSION = YES_AGGRESSIVE;
				CLANG_CXX_LANGUAGE_STANDARD = "gnu++14";
				CLANG_CXX_LIBRARY = "libc++";
				CLANG_ENABLE_MODULES = YES;
				CLANG_ENABLE_OBJC_ARC = YES;
				CLANG_WARN_BLOCK_CAPTURE_AUTORELEASING = YES;
				CLANG_WARN_BOOL_CONVERSION = YES;
				CLANG_WARN_COMMA = YES;
				CLANG_WARN_CONSTANT_CONVERSION = YES;
				CLANG_WARN_DIRECT_OBJC_ISA_USAGE = YES_ERROR;
				CLANG_WARN_DOCUMENTATION_COMMENTS = YES;
				CLANG_WARN_EMPTY_BODY = YES;
				CLANG_WARN_ENUM_CONVERSION = YES;
				CLANG_WARN_INFINITE_RECURSION = YES;
				CLANG_WARN_INT_CONVERSION = YES;
				CLANG_WARN_NON_LITERAL_NULL_CONVERSION = YES;
				CLANG_WARN_OBJC_LITERAL_CONVERSION = YES;
				CLANG_WARN_OBJC_ROOT_CLASS = YES_ERROR;
				CLANG_WARN_RANGE_LOOP_ANALYSIS = YES;
				CLANG_WARN_STRICT_PROTOTYPES = YES;
				CLANG_WARN_SUSPICIOUS_MOVE = YES;
				CLANG_WARN_UNGUARDED_AVAILABILITY = YES_AGGRESSIVE;
				CLANG_WARN_UNREACHABLE_CODE = YES;
				CLANG_WARN__DUPLICATE_METHOD_MATCH = YES;
				CODE_SIGN_IDENTITY = "iPhone Developer";
				COPY_PHASE_STRIP = NO;
				DEBUG_INFORMATION_FORMAT = dwarf;
				ENABLE_STRICT_OBJC_MSGSEND = YES;
				ENABLE_TESTABILITY = YES;
				GCC_C_LANGUAGE_STANDARD = gnu11;
				GCC_DYNAMIC_NO_PIC = NO;
				GCC_NO_COMMON_BLOCKS = YES;
				GCC_OPTIMIZATION_LEVEL = 0;
				GCC_PREPROCESSOR_DEFINITIONS = (
					"DEBUG=1",
					"$(inherited)",
				);
				GCC_WARN_64_TO_32_BIT_CONVERSION = YES;
				GCC_WARN_ABOUT_RETURN_TYPE = YES_ERROR;
				GCC_WARN_UNDECLARED_SELECTOR = YES;
				GCC_WARN_UNINITIALIZED_AUTOS = YES_AGGRESSIVE;
				GCC_WARN_UNUSED_FUNCTION = YES;
				GCC_WARN_UNUSED_VARIABLE = YES;
				IPHONEOS_DEPLOYMENT_TARGET = 11.2;
				MTL_ENABLE_DEBUG_INFO = YES;
				ONLY_ACTIVE_ARCH = YES;
				SDKROOT = iphoneos;
				SWIFT_ACTIVE_COMPILATION_CONDITIONS = DEBUG;
				SWIFT_OPTIMIZATION_LEVEL = "-Onone";
			};
			name = Debug;
		};
		1E494EAE206886530020D9C9 /* Release */ = {
			isa = XCBuildConfiguration;
			buildSettings = {
				ALWAYS_SEARCH_USER_PATHS = NO;
				CLANG_ANALYZER_NONNULL = YES;
				CLANG_ANALYZER_NUMBER_OBJECT_CONVERSION = YES_AGGRESSIVE;
				CLANG_CXX_LANGUAGE_STANDARD = "gnu++14";
				CLANG_CXX_LIBRARY = "libc++";
				CLANG_ENABLE_MODULES = YES;
				CLANG_ENABLE_OBJC_ARC = YES;
				CLANG_WARN_BLOCK_CAPTURE_AUTORELEASING = YES;
				CLANG_WARN_BOOL_CONVERSION = YES;
				CLANG_WARN_COMMA = YES;
				CLANG_WARN_CONSTANT_CONVERSION = YES;
				CLANG_WARN_DIRECT_OBJC_ISA_USAGE = YES_ERROR;
				CLANG_WARN_DOCUMENTATION_COMMENTS = YES;
				CLANG_WARN_EMPTY_BODY = YES;
				CLANG_WARN_ENUM_CONVERSION = YES;
				CLANG_WARN_INFINITE_RECURSION = YES;
				CLANG_WARN_INT_CONVERSION = YES;
				CLANG_WARN_NON_LITERAL_NULL_CONVERSION = YES;
				CLANG_WARN_OBJC_LITERAL_CONVERSION = YES;
				CLANG_WARN_OBJC_ROOT_CLASS = YES_ERROR;
				CLANG_WARN_RANGE_LOOP_ANALYSIS = YES;
				CLANG_WARN_STRICT_PROTOTYPES = YES;
				CLANG_WARN_SUSPICIOUS_MOVE = YES;
				CLANG_WARN_UNGUARDED_AVAILABILITY = YES_AGGRESSIVE;
				CLANG_WARN_UNREACHABLE_CODE = YES;
				CLANG_WARN__DUPLICATE_METHOD_MATCH = YES;
				CODE_SIGN_IDENTITY = "iPhone Developer";
				COPY_PHASE_STRIP = NO;
				DEBUG_INFORMATION_FORMAT = "dwarf-with-dsym";
				ENABLE_NS_ASSERTIONS = NO;
				ENABLE_STRICT_OBJC_MSGSEND = YES;
				GCC_C_LANGUAGE_STANDARD = gnu11;
				GCC_NO_COMMON_BLOCKS = YES;
				GCC_WARN_64_TO_32_BIT_CONVERSION = YES;
				GCC_WARN_ABOUT_RETURN_TYPE = YES_ERROR;
				GCC_WARN_UNDECLARED_SELECTOR = YES;
				GCC_WARN_UNINITIALIZED_AUTOS = YES_AGGRESSIVE;
				GCC_WARN_UNUSED_FUNCTION = YES;
				GCC_WARN_UNUSED_VARIABLE = YES;
				IPHONEOS_DEPLOYMENT_TARGET = 11.2;
				MTL_ENABLE_DEBUG_INFO = NO;
				SDKROOT = iphoneos;
				SWIFT_OPTIMIZATION_LEVEL = "-Owholemodule";
				VALIDATE_PRODUCT = YES;
			};
			name = Release;
		};
		1E494EB0206886530020D9C9 /* Debug */ = {
			isa = XCBuildConfiguration;
			baseConfigurationReference = 8DB766FBCCA430D54DBAFFC8 /* Pods-Spike-RxSwift-MVVM.debug.xcconfig */;
			buildSettings = {
				ASSETCATALOG_COMPILER_APPICON_NAME = AppIcon;
				CODE_SIGN_STYLE = Automatic;
				DEVELOPMENT_TEAM = 327QYZGZ37;
				FRAMEWORK_SEARCH_PATHS = (
					"$(inherited)",
					"$(PROJECT_DIR)/Carthage/Build/iOS",
				);
				INFOPLIST_FILE = "Spike-RxSwift-MVVM/Info.plist";
				LD_RUNPATH_SEARCH_PATHS = "$(inherited) @executable_path/Frameworks";
				PRODUCT_BUNDLE_IDENTIFIER = "ko2ic.Spike-RxSwift-MVVM";
				PRODUCT_NAME = "$(TARGET_NAME)";
				SWIFT_VERSION = 4.0;
				TARGETED_DEVICE_FAMILY = "1,2";
			};
			name = Debug;
		};
		1E494EB1206886530020D9C9 /* Release */ = {
			isa = XCBuildConfiguration;
			baseConfigurationReference = 9518E569D142388E74B2E2FD /* Pods-Spike-RxSwift-MVVM.release.xcconfig */;
			buildSettings = {
				ASSETCATALOG_COMPILER_APPICON_NAME = AppIcon;
				CODE_SIGN_STYLE = Automatic;
				DEVELOPMENT_TEAM = 327QYZGZ37;
				FRAMEWORK_SEARCH_PATHS = (
					"$(inherited)",
					"$(PROJECT_DIR)/Carthage/Build/iOS",
				);
				INFOPLIST_FILE = "Spike-RxSwift-MVVM/Info.plist";
				LD_RUNPATH_SEARCH_PATHS = "$(inherited) @executable_path/Frameworks";
				PRODUCT_BUNDLE_IDENTIFIER = "ko2ic.Spike-RxSwift-MVVM";
				PRODUCT_NAME = "$(TARGET_NAME)";
				SWIFT_VERSION = 4.0;
				TARGETED_DEVICE_FAMILY = "1,2";
			};
			name = Release;
		};
		1E494EB3206886530020D9C9 /* Debug */ = {
			isa = XCBuildConfiguration;
			baseConfigurationReference = B7174B1090DA860F3226D7CB /* Pods-Spike-RxSwift-MVVMTests.debug.xcconfig */;
			buildSettings = {
				ALWAYS_EMBED_SWIFT_STANDARD_LIBRARIES = YES;
				BUNDLE_LOADER = "$(TEST_HOST)";
				CODE_SIGN_STYLE = Automatic;
				DEVELOPMENT_TEAM = 327QYZGZ37;
				INFOPLIST_FILE = "Spike-RxSwift-MVVMTests/Info.plist";
				LD_RUNPATH_SEARCH_PATHS = "$(inherited) @executable_path/Frameworks @loader_path/Frameworks";
				PRODUCT_BUNDLE_IDENTIFIER = "ko2ic.Spike-RxSwift-MVVMTests";
				PRODUCT_NAME = "$(TARGET_NAME)";
				SWIFT_VERSION = 4.0;
				TARGETED_DEVICE_FAMILY = "1,2";
				TEST_HOST = "$(BUILT_PRODUCTS_DIR)/Spike-RxSwift-MVVM.app/Spike-RxSwift-MVVM";
			};
			name = Debug;
		};
		1E494EB4206886530020D9C9 /* Release */ = {
			isa = XCBuildConfiguration;
			baseConfigurationReference = 0A31C9290BF90A48BF88A16E /* Pods-Spike-RxSwift-MVVMTests.release.xcconfig */;
			buildSettings = {
				ALWAYS_EMBED_SWIFT_STANDARD_LIBRARIES = YES;
				BUNDLE_LOADER = "$(TEST_HOST)";
				CODE_SIGN_STYLE = Automatic;
				DEVELOPMENT_TEAM = 327QYZGZ37;
				INFOPLIST_FILE = "Spike-RxSwift-MVVMTests/Info.plist";
				LD_RUNPATH_SEARCH_PATHS = "$(inherited) @executable_path/Frameworks @loader_path/Frameworks";
				PRODUCT_BUNDLE_IDENTIFIER = "ko2ic.Spike-RxSwift-MVVMTests";
				PRODUCT_NAME = "$(TARGET_NAME)";
				SWIFT_VERSION = 4.0;
				TARGETED_DEVICE_FAMILY = "1,2";
				TEST_HOST = "$(BUILT_PRODUCTS_DIR)/Spike-RxSwift-MVVM.app/Spike-RxSwift-MVVM";
			};
			name = Release;
		};
		1E494EB6206886530020D9C9 /* Debug */ = {
			isa = XCBuildConfiguration;
			baseConfigurationReference = 7AB1507D4612A4E9A895323C /* Pods-Spike-RxSwift-MVVMUITests.debug.xcconfig */;
			buildSettings = {
				ALWAYS_EMBED_SWIFT_STANDARD_LIBRARIES = YES;
				CODE_SIGN_STYLE = Automatic;
				DEVELOPMENT_TEAM = 327QYZGZ37;
				INFOPLIST_FILE = "Spike-RxSwift-MVVMUITests/Info.plist";
				LD_RUNPATH_SEARCH_PATHS = "$(inherited) @executable_path/Frameworks @loader_path/Frameworks";
				PRODUCT_BUNDLE_IDENTIFIER = "ko2ic.Spike-RxSwift-MVVMUITests";
				PRODUCT_NAME = "$(TARGET_NAME)";
				SWIFT_VERSION = 4.0;
				TARGETED_DEVICE_FAMILY = "1,2";
				TEST_TARGET_NAME = "Spike-RxSwift-MVVM";
			};
			name = Debug;
		};
		1E494EB7206886530020D9C9 /* Release */ = {
			isa = XCBuildConfiguration;
			baseConfigurationReference = 95904096D84149BFBE78F174 /* Pods-Spike-RxSwift-MVVMUITests.release.xcconfig */;
			buildSettings = {
				ALWAYS_EMBED_SWIFT_STANDARD_LIBRARIES = YES;
				CODE_SIGN_STYLE = Automatic;
				DEVELOPMENT_TEAM = 327QYZGZ37;
				INFOPLIST_FILE = "Spike-RxSwift-MVVMUITests/Info.plist";
				LD_RUNPATH_SEARCH_PATHS = "$(inherited) @executable_path/Frameworks @loader_path/Frameworks";
				PRODUCT_BUNDLE_IDENTIFIER = "ko2ic.Spike-RxSwift-MVVMUITests";
				PRODUCT_NAME = "$(TARGET_NAME)";
				SWIFT_VERSION = 4.0;
				TARGETED_DEVICE_FAMILY = "1,2";
				TEST_TARGET_NAME = "Spike-RxSwift-MVVM";
			};
			name = Release;
		};
/* End XCBuildConfiguration section */

/* Begin XCConfigurationList section */
		1E494E82206886530020D9C9 /* Build configuration list for PBXProject "Spike-RxSwift-MVVM" */ = {
			isa = XCConfigurationList;
			buildConfigurations = (
				1E494EAD206886530020D9C9 /* Debug */,
				1E494EAE206886530020D9C9 /* Release */,
			);
			defaultConfigurationIsVisible = 0;
			defaultConfigurationName = Release;
		};
		1E494EAF206886530020D9C9 /* Build configuration list for PBXNativeTarget "Spike-RxSwift-MVVM" */ = {
			isa = XCConfigurationList;
			buildConfigurations = (
				1E494EB0206886530020D9C9 /* Debug */,
				1E494EB1206886530020D9C9 /* Release */,
			);
			defaultConfigurationIsVisible = 0;
			defaultConfigurationName = Release;
		};
		1E494EB2206886530020D9C9 /* Build configuration list for PBXNativeTarget "Spike-RxSwift-MVVMTests" */ = {
			isa = XCConfigurationList;
			buildConfigurations = (
				1E494EB3206886530020D9C9 /* Debug */,
				1E494EB4206886530020D9C9 /* Release */,
			);
			defaultConfigurationIsVisible = 0;
			defaultConfigurationName = Release;
		};
		1E494EB5206886530020D9C9 /* Build configuration list for PBXNativeTarget "Spike-RxSwift-MVVMUITests" */ = {
			isa = XCConfigurationList;
			buildConfigurations = (
				1E494EB6206886530020D9C9 /* Debug */,
				1E494EB7206886530020D9C9 /* Release */,
			);
			defaultConfigurationIsVisible = 0;
			defaultConfigurationName = Release;
		};
/* End XCConfigurationList section */
	};
	rootObject = 1E494E7F206886530020D9C9 /* Project object */;
}
